
Microsoft Visual Studio Solution File, Format Version 12.00
# Visual Studio Version 17
VisualStudioVersion = 17.0.32126.317
MinimumVisualStudioVersion = 10.0.40219.1
Project("{9A19103F-16F7-4668-BE54-9A1E7A4F7556}") = "1000", "1000\1000.csproj", "{2A551C88-33DF-408A-8BB2-D735AD3CB00A}"
EndProject
Project("{9A19103F-16F7-4668-BE54-9A1E7A4F7556}") = "1001", "1001\1001.csproj", "{5BC95DD2-F7A2-4DE9-9C6F-1D06B88D27C8}"
EndProject
Project("{9A19103F-16F7-4668-BE54-9A1E7A4F7556}") = "1002", "1002\1002.csproj", "{196C30B5-BC88-4973-B27A-D580474F862F}"
EndProject
Project("{9A19103F-16F7-4668-BE54-9A1E7A4F7556}") = "1003", "1003\1003.csproj", "{E1EAC373-6E37-4FF7-AADD-A8112C2116BA}"
EndProject
Project("{9A19103F-16F7-4668-BE54-9A1E7A4F7556}") = "1004", "1004\1004.csproj", "{821B40BB-39D3-48D4-B0AE-6CC80FC5749D}"
EndProject
Project("{9A19103F-16F7-4668-BE54-9A1E7A4F7556}") = "1005", "1005\1005.csproj", "{5C157569-6803-458D-83FE-536718FBE73F}"
EndProject
Project("{9A19103F-16F7-4668-BE54-9A1E7A4F7556}") = "1010", "1010\1010.csproj", "{7742AD8A-1A76-49AC-A3DC-5DBFD7CA9309}"
EndProject
Project("{9A19103F-16F7-4668-BE54-9A1E7A4F7556}") = "1011", "1011\1011.csproj", "{0DABFB0A-82A3-445C-B7B6-E9840412F1A5}"
EndProject
Project("{9A19103F-16F7-4668-BE54-9A1E7A4F7556}") = "1012", "1012\1012.csproj", "{5EE0ED1D-AB67-4A0C-9F2A-FDACD57CE914}"
EndProject
Project("{9A19103F-16F7-4668-BE54-9A1E7A4F7556}") = "1013", "1013\1013.csproj", "{1279869C-7C68-4C69-81CC-631C54FF22CC}"
EndProject
Project("{9A19103F-16F7-4668-BE54-9A1E7A4F7556}") = "1014", "1014\1014.csproj", "{6E824441-D6FB-4CE4-A558-F688BA319B62}"
EndProject
Project("{9A19103F-16F7-4668-BE54-9A1E7A4F7556}") = "1015", "1015\1015.csproj", "{840AAA91-3939-426B-B0A1-C129135A942E}"
EndProject
Project("{9A19103F-16F7-4668-BE54-9A1E7A4F7556}") = "1016", "1016\1016.csproj", "{D53F22D1-1ED0-415F-9EF2-D24ACC235E7E}"
EndProject
Project("{9A19103F-16F7-4668-BE54-9A1E7A4F7556}") = "1017", "1017\1017.csproj", "{7608B331-75F7-4F62-8A80-27F1807888E2}"
EndProject
Project("{9A19103F-16F7-4668-BE54-9A1E7A4F7556}") = "1018", "1018\1018.csproj", "{0B6459D5-C49C-4F24-8256-3FA936390E65}"
EndProject
Project("{9A19103F-16F7-4668-BE54-9A1E7A4F7556}") = "1021", "1021\1021.csproj", "{B2CC0232-23B8-48BB-8349-291302D83A6D}"
EndProject
Project("{9A19103F-16F7-4668-BE54-9A1E7A4F7556}") = "1019", "1019\1019.csproj", "{BAF3D1A1-8AF3-4F7A-ACA9-261C46292859}"
EndProject
Project("{9A19103F-16F7-4668-BE54-9A1E7A4F7556}") = "1019_v2", "1019_v2\1019_v2.csproj", "{4DD13BE0-5844-4591-A3F0-B632F64A5E73}"
EndProject
Project("{9A19103F-16F7-4668-BE54-9A1E7A4F7556}") = "1020", "1020\1020.csproj", "{291C4C95-2C40-467A-B0D7-D8A7678B1D1F}"
EndProject
Project("{9A19103F-16F7-4668-BE54-9A1E7A4F7556}") = "1035", "1035\1035.csproj", "{E1B3345C-B3C9-47A8-AB43-875622FEFD96}"
EndProject
Project("{9A19103F-16F7-4668-BE54-9A1E7A4F7556}") = "1036", "1036\1036.csproj", "{16E91C9B-4B6E-4283-AD07-7E74C06A039D}"
EndProject
Project("{9A19103F-16F7-4668-BE54-9A1E7A4F7556}") = "1037", "1037\1037.csproj", "{B8B47838-E9A2-4FCC-A238-894DF3AB146E}"
EndProject
Project("{FAE04EC0-301F-11D3-BF4B-00C04F79EFBC}") = "Snack_1038", "Snack_1038\Snack_1038.csproj", "{39C6D1EB-BEEA-4425-9748-1B856FBF3C5D}"
EndProject
Global
	GlobalSection(SolutionConfigurationPlatforms) = preSolution
		Debug|Any CPU = Debug|Any CPU
		Release|Any CPU = Release|Any CPU
	EndGlobalSection
	GlobalSection(ProjectConfigurationPlatforms) = postSolution
		{2A551C88-33DF-408A-8BB2-D735AD3CB00A}.Debug|Any CPU.ActiveCfg = Debug|Any CPU
		{2A551C88-33DF-408A-8BB2-D735AD3CB00A}.Debug|Any CPU.Build.0 = Debug|Any CPU
		{2A551C88-33DF-408A-8BB2-D735AD3CB00A}.Release|Any CPU.ActiveCfg = Release|Any CPU
		{2A551C88-33DF-408A-8BB2-D735AD3CB00A}.Release|Any CPU.Build.0 = Release|Any CPU
		{5BC95DD2-F7A2-4DE9-9C6F-1D06B88D27C8}.Debug|Any CPU.ActiveCfg = Debug|Any CPU
		{5BC95DD2-F7A2-4DE9-9C6F-1D06B88D27C8}.Debug|Any CPU.Build.0 = Debug|Any CPU
		{5BC95DD2-F7A2-4DE9-9C6F-1D06B88D27C8}.Release|Any CPU.ActiveCfg = Release|Any CPU
		{5BC95DD2-F7A2-4DE9-9C6F-1D06B88D27C8}.Release|Any CPU.Build.0 = Release|Any CPU
		{196C30B5-BC88-4973-B27A-D580474F862F}.Debug|Any CPU.ActiveCfg = Debug|Any CPU
		{196C30B5-BC88-4973-B27A-D580474F862F}.Debug|Any CPU.Build.0 = Debug|Any CPU
		{196C30B5-BC88-4973-B27A-D580474F862F}.Release|Any CPU.ActiveCfg = Release|Any CPU
		{196C30B5-BC88-4973-B27A-D580474F862F}.Release|Any CPU.Build.0 = Release|Any CPU
		{E1EAC373-6E37-4FF7-AADD-A8112C2116BA}.Debug|Any CPU.ActiveCfg = Debug|Any CPU
		{E1EAC373-6E37-4FF7-AADD-A8112C2116BA}.Debug|Any CPU.Build.0 = Debug|Any CPU
		{E1EAC373-6E37-4FF7-AADD-A8112C2116BA}.Release|Any CPU.ActiveCfg = Release|Any CPU
		{E1EAC373-6E37-4FF7-AADD-A8112C2116BA}.Release|Any CPU.Build.0 = Release|Any CPU
		{821B40BB-39D3-48D4-B0AE-6CC80FC5749D}.Debug|Any CPU.ActiveCfg = Debug|Any CPU
		{821B40BB-39D3-48D4-B0AE-6CC80FC5749D}.Debug|Any CPU.Build.0 = Debug|Any CPU
		{821B40BB-39D3-48D4-B0AE-6CC80FC5749D}.Release|Any CPU.ActiveCfg = Release|Any CPU
		{821B40BB-39D3-48D4-B0AE-6CC80FC5749D}.Release|Any CPU.Build.0 = Release|Any CPU
		{5C157569-6803-458D-83FE-536718FBE73F}.Debug|Any CPU.ActiveCfg = Debug|Any CPU
		{5C157569-6803-458D-83FE-536718FBE73F}.Debug|Any CPU.Build.0 = Debug|Any CPU
		{5C157569-6803-458D-83FE-536718FBE73F}.Release|Any CPU.ActiveCfg = Release|Any CPU
		{5C157569-6803-458D-83FE-536718FBE73F}.Release|Any CPU.Build.0 = Release|Any CPU
		{7742AD8A-1A76-49AC-A3DC-5DBFD7CA9309}.Debug|Any CPU.ActiveCfg = Debug|Any CPU
		{7742AD8A-1A76-49AC-A3DC-5DBFD7CA9309}.Debug|Any CPU.Build.0 = Debug|Any CPU
		{7742AD8A-1A76-49AC-A3DC-5DBFD7CA9309}.Release|Any CPU.ActiveCfg = Release|Any CPU
		{7742AD8A-1A76-49AC-A3DC-5DBFD7CA9309}.Release|Any CPU.Build.0 = Release|Any CPU
		{0DABFB0A-82A3-445C-B7B6-E9840412F1A5}.Debug|Any CPU.ActiveCfg = Debug|Any CPU
		{0DABFB0A-82A3-445C-B7B6-E9840412F1A5}.Debug|Any CPU.Build.0 = Debug|Any CPU
		{0DABFB0A-82A3-445C-B7B6-E9840412F1A5}.Release|Any CPU.ActiveCfg = Release|Any CPU
		{0DABFB0A-82A3-445C-B7B6-E9840412F1A5}.Release|Any CPU.Build.0 = Release|Any CPU
		{5EE0ED1D-AB67-4A0C-9F2A-FDACD57CE914}.Debug|Any CPU.ActiveCfg = Debug|Any CPU
		{5EE0ED1D-AB67-4A0C-9F2A-FDACD57CE914}.Debug|Any CPU.Build.0 = Debug|Any CPU
		{5EE0ED1D-AB67-4A0C-9F2A-FDACD57CE914}.Release|Any CPU.ActiveCfg = Release|Any CPU
		{5EE0ED1D-AB67-4A0C-9F2A-FDACD57CE914}.Release|Any CPU.Build.0 = Release|Any CPU
		{1279869C-7C68-4C69-81CC-631C54FF22CC}.Debug|Any CPU.ActiveCfg = Debug|Any CPU
		{1279869C-7C68-4C69-81CC-631C54FF22CC}.Debug|Any CPU.Build.0 = Debug|Any CPU
		{1279869C-7C68-4C69-81CC-631C54FF22CC}.Release|Any CPU.ActiveCfg = Release|Any CPU
		{1279869C-7C68-4C69-81CC-631C54FF22CC}.Release|Any CPU.Build.0 = Release|Any CPU
		{6E824441-D6FB-4CE4-A558-F688BA319B62}.Debug|Any CPU.ActiveCfg = Debug|Any CPU
		{6E824441-D6FB-4CE4-A558-F688BA319B62}.Debug|Any CPU.Build.0 = Debug|Any CPU
		{6E824441-D6FB-4CE4-A558-F688BA319B62}.Release|Any CPU.ActiveCfg = Release|Any CPU
		{6E824441-D6FB-4CE4-A558-F688BA319B62}.Release|Any CPU.Build.0 = Release|Any CPU
		{840AAA91-3939-426B-B0A1-C129135A942E}.Debug|Any CPU.ActiveCfg = Debug|Any CPU
		{840AAA91-3939-426B-B0A1-C129135A942E}.Debug|Any CPU.Build.0 = Debug|Any CPU
		{840AAA91-3939-426B-B0A1-C129135A942E}.Release|Any CPU.ActiveCfg = Release|Any CPU
		{840AAA91-3939-426B-B0A1-C129135A942E}.Release|Any CPU.Build.0 = Release|Any CPU
		{D53F22D1-1ED0-415F-9EF2-D24ACC235E7E}.Debug|Any CPU.ActiveCfg = Debug|Any CPU
		{D53F22D1-1ED0-415F-9EF2-D24ACC235E7E}.Debug|Any CPU.Build.0 = Debug|Any CPU
		{D53F22D1-1ED0-415F-9EF2-D24ACC235E7E}.Release|Any CPU.ActiveCfg = Release|Any CPU
		{D53F22D1-1ED0-415F-9EF2-D24ACC235E7E}.Release|Any CPU.Build.0 = Release|Any CPU
		{7608B331-75F7-4F62-8A80-27F1807888E2}.Debug|Any CPU.ActiveCfg = Debug|Any CPU
		{7608B331-75F7-4F62-8A80-27F1807888E2}.Debug|Any CPU.Build.0 = Debug|Any CPU
		{7608B331-75F7-4F62-8A80-27F1807888E2}.Release|Any CPU.ActiveCfg = Release|Any CPU
		{7608B331-75F7-4F62-8A80-27F1807888E2}.Release|Any CPU.Build.0 = Release|Any CPU
		{0B6459D5-C49C-4F24-8256-3FA936390E65}.Debug|Any CPU.ActiveCfg = Debug|Any CPU
		{0B6459D5-C49C-4F24-8256-3FA936390E65}.Debug|Any CPU.Build.0 = Debug|Any CPU
		{0B6459D5-C49C-4F24-8256-3FA936390E65}.Release|Any CPU.ActiveCfg = Release|Any CPU
		{0B6459D5-C49C-4F24-8256-3FA936390E65}.Release|Any CPU.Build.0 = Release|Any CPU
		{B2CC0232-23B8-48BB-8349-291302D83A6D}.Debug|Any CPU.ActiveCfg = Debug|Any CPU
		{B2CC0232-23B8-48BB-8349-291302D83A6D}.Debug|Any CPU.Build.0 = Debug|Any CPU
		{B2CC0232-23B8-48BB-8349-291302D83A6D}.Release|Any CPU.ActiveCfg = Release|Any CPU
		{B2CC0232-23B8-48BB-8349-291302D83A6D}.Release|Any CPU.Build.0 = Release|Any CPU
		{BAF3D1A1-8AF3-4F7A-ACA9-261C46292859}.Debug|Any CPU.ActiveCfg = Debug|Any CPU
		{BAF3D1A1-8AF3-4F7A-ACA9-261C46292859}.Debug|Any CPU.Build.0 = Debug|Any CPU
		{BAF3D1A1-8AF3-4F7A-ACA9-261C46292859}.Release|Any CPU.ActiveCfg = Release|Any CPU
		{BAF3D1A1-8AF3-4F7A-ACA9-261C46292859}.Release|Any CPU.Build.0 = Release|Any CPU
		{4DD13BE0-5844-4591-A3F0-B632F64A5E73}.Debug|Any CPU.ActiveCfg = Debug|Any CPU
		{4DD13BE0-5844-4591-A3F0-B632F64A5E73}.Debug|Any CPU.Build.0 = Debug|Any CPU
		{4DD13BE0-5844-4591-A3F0-B632F64A5E73}.Release|Any CPU.ActiveCfg = Release|Any CPU
		{4DD13BE0-5844-4591-A3F0-B632F64A5E73}.Release|Any CPU.Build.0 = Release|Any CPU
		{291C4C95-2C40-467A-B0D7-D8A7678B1D1F}.Debug|Any CPU.ActiveCfg = Debug|Any CPU
		{291C4C95-2C40-467A-B0D7-D8A7678B1D1F}.Debug|Any CPU.Build.0 = Debug|Any CPU
		{291C4C95-2C40-467A-B0D7-D8A7678B1D1F}.Release|Any CPU.ActiveCfg = Release|Any CPU
		{291C4C95-2C40-467A-B0D7-D8A7678B1D1F}.Release|Any CPU.Build.0 = Release|Any CPU
		{E1B3345C-B3C9-47A8-AB43-875622FEFD96}.Debug|Any CPU.ActiveCfg = Debug|Any CPU
		{E1B3345C-B3C9-47A8-AB43-875622FEFD96}.Debug|Any CPU.Build.0 = Debug|Any CPU
		{E1B3345C-B3C9-47A8-AB43-875622FEFD96}.Release|Any CPU.ActiveCfg = Release|Any CPU
		{E1B3345C-B3C9-47A8-AB43-875622FEFD96}.Release|Any CPU.Build.0 = Release|Any CPU
		{16E91C9B-4B6E-4283-AD07-7E74C06A039D}.Debug|Any CPU.ActiveCfg = Debug|Any CPU
		{16E91C9B-4B6E-4283-AD07-7E74C06A039D}.Debug|Any CPU.Build.0 = Debug|Any CPU
		{16E91C9B-4B6E-4283-AD07-7E74C06A039D}.Release|Any CPU.ActiveCfg = Release|Any CPU
		{16E91C9B-4B6E-4283-AD07-7E74C06A039D}.Release|Any CPU.Build.0 = Release|Any CPU
		{B8B47838-E9A2-4FCC-A238-894DF3AB146E}.Debug|Any CPU.ActiveCfg = Debug|Any CPU
		{B8B47838-E9A2-4FCC-A238-894DF3AB146E}.Debug|Any CPU.Build.0 = Debug|Any CPU
		{B8B47838-E9A2-4FCC-A238-894DF3AB146E}.Release|Any CPU.ActiveCfg = Release|Any CPU
		{B8B47838-E9A2-4FCC-A238-894DF3AB146E}.Release|Any CPU.Build.0 = Release|Any CPU
		{39C6D1EB-BEEA-4425-9748-1B856FBF3C5D}.Debug|Any CPU.ActiveCfg = Debug|Any CPU
		{39C6D1EB-BEEA-4425-9748-1B856FBF3C5D}.Debug|Any CPU.Build.0 = Debug|Any CPU
		{39C6D1EB-BEEA-4425-9748-1B856FBF3C5D}.Release|Any CPU.ActiveCfg = Release|Any CPU
		{39C6D1EB-BEEA-4425-9748-1B856FBF3C5D}.Release|Any CPU.Build.0 = Release|Any CPU
	EndGlobalSection
	GlobalSection(SolutionProperties) = preSolution
		HideSolutionNode = FALSE
	EndGlobalSection
	GlobalSection(ExtensibilityGlobals) = postSolution
		SolutionGuid = {D0AEF14B-4929-49DD-94ED-AB9AF086B6C3}
	EndGlobalSection
EndGlobal
